// !$*UTF8*$!
{
	archiveVersion = 1;
	classes = {
	};
	objectVersion = 56;
	objects = {

/* Begin PBXBuildFile section */
		180051EA2C2070B500FBCBB7 /* SettingsView.swift in Sources */ = {isa = PBXBuildFile; fileRef = 180051E92C2070B500FBCBB7 /* SettingsView.swift */; };
		180051EC2C20760800FBCBB7 /* SettingsController.swift in Sources */ = {isa = PBXBuildFile; fileRef = 180051EB2C20760800FBCBB7 /* SettingsController.swift */; };
		180051EE2C20761300FBCBB7 /* SettingsModel.swift in Sources */ = {isa = PBXBuildFile; fileRef = 180051ED2C20761300FBCBB7 /* SettingsModel.swift */; };
		180051F02C21B1FF00FBCBB7 /* SettingsCell.swift in Sources */ = {isa = PBXBuildFile; fileRef = 180051EF2C21B1FF00FBCBB7 /* SettingsCell.swift */; };
		180051F32C21B5D100FBCBB7 /* OnBoarding.swift in Sources */ = {isa = PBXBuildFile; fileRef = 180051F22C21B5D100FBCBB7 /* OnBoarding.swift */; };
		180051F52C21B86400FBCBB7 /* OnBoardingCell.swift in Sources */ = {isa = PBXBuildFile; fileRef = 180051F42C21B86400FBCBB7 /* OnBoardingCell.swift */; };
		180051F92C21BFFA00FBCBB7 /* OnBoard.swift in Sources */ = {isa = PBXBuildFile; fileRef = 180051F82C21BFFA00FBCBB7 /* OnBoard.swift */; };
		1802B7792C2DA1EE0034A24B /* AccountingDetailView.swift in Sources */ = {isa = PBXBuildFile; fileRef = 1802B7782C2DA1EE0034A24B /* AccountingDetailView.swift */; };
		1802B77B2C2DA5420034A24B /* AccountingImageCell.swift in Sources */ = {isa = PBXBuildFile; fileRef = 1802B77A2C2DA5420034A24B /* AccountingImageCell.swift */; };
		1805764E2C24709B00F3315F /* ExpandsTabBarController.swift in Sources */ = {isa = PBXBuildFile; fileRef = 1805764D2C24709B00F3315F /* ExpandsTabBarController.swift */; };
		180576502C24710B00F3315F /* ExpensesView.swift in Sources */ = {isa = PBXBuildFile; fileRef = 1805764F2C24710B00F3315F /* ExpensesView.swift */; };
		180576522C24716A00F3315F /* IncomesView.swift in Sources */ = {isa = PBXBuildFile; fileRef = 180576512C24716A00F3315F /* IncomesView.swift */; };
		180576542C2478AF00F3315F /* AddCell.swift in Sources */ = {isa = PBXBuildFile; fileRef = 180576532C2478AF00F3315F /* AddCell.swift */; };
		180576572C29B3E800F3315F /* AccountingModel.xcdatamodeld in Sources */ = {isa = PBXBuildFile; fileRef = 180576552C29B3E800F3315F /* AccountingModel.xcdatamodeld */; };
		1805765A2C29B73100F3315F /* AccountingModel+CoreDataClass.swift in Sources */ = {isa = PBXBuildFile; fileRef = 180576582C29B73100F3315F /* AccountingModel+CoreDataClass.swift */; };
		1805765B2C29B73100F3315F /* AccountingModel+CoreDataProperties.swift in Sources */ = {isa = PBXBuildFile; fileRef = 180576592C29B73100F3315F /* AccountingModel+CoreDataProperties.swift */; };
		1805765F2C29B7F800F3315F /* CoreDataManager.swift in Sources */ = {isa = PBXBuildFile; fileRef = 1805765E2C29B7F800F3315F /* CoreDataManager.swift */; };
		182A3FD12C1B283700330C16 /* AppDelegate.swift in Sources */ = {isa = PBXBuildFile; fileRef = 182A3FD02C1B283700330C16 /* AppDelegate.swift */; };
		182A3FD32C1B283700330C16 /* SceneDelegate.swift in Sources */ = {isa = PBXBuildFile; fileRef = 182A3FD22C1B283700330C16 /* SceneDelegate.swift */; };
		182A3FD52C1B283700330C16 /* MainTabBarController.swift in Sources */ = {isa = PBXBuildFile; fileRef = 182A3FD42C1B283700330C16 /* MainTabBarController.swift */; };
		182A3FDA2C1B283A00330C16 /* Assets.xcassets in Resources */ = {isa = PBXBuildFile; fileRef = 182A3FD92C1B283A00330C16 /* Assets.xcassets */; };
		182A3FDD2C1B283A00330C16 /* Base in Resources */ = {isa = PBXBuildFile; fileRef = 182A3FDC2C1B283A00330C16 /* Base */; };
		182A3FE72C1B2A3200330C16 /* MainTabBar.swift in Sources */ = {isa = PBXBuildFile; fileRef = 182A3FE62C1B2A3200330C16 /* MainTabBar.swift */; };
		182A3FE92C1B316300330C16 /* HomeView.swift in Sources */ = {isa = PBXBuildFile; fileRef = 182A3FE82C1B316300330C16 /* HomeView.swift */; };
		182A3FEB2C1B31BB00330C16 /* ExpenciesAddView.swift in Sources */ = {isa = PBXBuildFile; fileRef = 182A3FEA2C1B31BB00330C16 /* ExpenciesAddView.swift */; };
		182A3FED2C1B31F400330C16 /* ProfileView.swift in Sources */ = {isa = PBXBuildFile; fileRef = 182A3FEC2C1B31F400330C16 /* ProfileView.swift */; };
		18BF658E2C1F327000523E45 /* CustomHorizontalCVCell.swift in Sources */ = {isa = PBXBuildFile; fileRef = 18BF658D2C1F327000523E45 /* CustomHorizontalCVCell.swift */; };
		18BF65902C1F32A700523E45 /* CustomVerticalCVCell.swift in Sources */ = {isa = PBXBuildFile; fileRef = 18BF658F2C1F32A700523E45 /* CustomVerticalCVCell.swift */; };
		18BF65952C1F390900523E45 /* User.swift in Sources */ = {isa = PBXBuildFile; fileRef = 18BF65942C1F390900523E45 /* User.swift */; };
		18BF65992C1F431000523E45 /* Analytics.swift in Sources */ = {isa = PBXBuildFile; fileRef = 18BF65982C1F431000523E45 /* Analytics.swift */; };
/* End PBXBuildFile section */

/* Begin PBXFileReference section */
		180051E92C2070B500FBCBB7 /* SettingsView.swift */ = {isa = PBXFileReference; lastKnownFileType = sourcecode.swift; path = SettingsView.swift; sourceTree = "<group>"; };
		180051EB2C20760800FBCBB7 /* SettingsController.swift */ = {isa = PBXFileReference; lastKnownFileType = sourcecode.swift; path = SettingsController.swift; sourceTree = "<group>"; };
		180051ED2C20761300FBCBB7 /* SettingsModel.swift */ = {isa = PBXFileReference; lastKnownFileType = sourcecode.swift; path = SettingsModel.swift; sourceTree = "<group>"; };
		180051EF2C21B1FF00FBCBB7 /* SettingsCell.swift */ = {isa = PBXFileReference; lastKnownFileType = sourcecode.swift; path = SettingsCell.swift; sourceTree = "<group>"; };
		180051F22C21B5D100FBCBB7 /* OnBoarding.swift */ = {isa = PBXFileReference; lastKnownFileType = sourcecode.swift; path = OnBoarding.swift; sourceTree = "<group>"; };
		180051F42C21B86400FBCBB7 /* OnBoardingCell.swift */ = {isa = PBXFileReference; lastKnownFileType = sourcecode.swift; path = OnBoardingCell.swift; sourceTree = "<group>"; };
		180051F82C21BFFA00FBCBB7 /* OnBoard.swift */ = {isa = PBXFileReference; lastKnownFileType = sourcecode.swift; path = OnBoard.swift; sourceTree = "<group>"; };
		1802B7782C2DA1EE0034A24B /* AccountingDetailView.swift */ = {isa = PBXFileReference; lastKnownFileType = sourcecode.swift; path = AccountingDetailView.swift; sourceTree = "<group>"; };
		1802B77A2C2DA5420034A24B /* AccountingImageCell.swift */ = {isa = PBXFileReference; lastKnownFileType = sourcecode.swift; path = AccountingImageCell.swift; sourceTree = "<group>"; };
		1805764D2C24709B00F3315F /* ExpandsTabBarController.swift */ = {isa = PBXFileReference; lastKnownFileType = sourcecode.swift; path = ExpandsTabBarController.swift; sourceTree = "<group>"; };
		1805764F2C24710B00F3315F /* ExpensesView.swift */ = {isa = PBXFileReference; lastKnownFileType = sourcecode.swift; path = ExpensesView.swift; sourceTree = "<group>"; };
		180576512C24716A00F3315F /* IncomesView.swift */ = {isa = PBXFileReference; lastKnownFileType = sourcecode.swift; path = IncomesView.swift; sourceTree = "<group>"; };
		180576532C2478AF00F3315F /* AddCell.swift */ = {isa = PBXFileReference; lastKnownFileType = sourcecode.swift; path = AddCell.swift; sourceTree = "<group>"; };
		180576562C29B3E800F3315F /* AccountingModel.xcdatamodel */ = {isa = PBXFileReference; lastKnownFileType = wrapper.xcdatamodel; path = AccountingModel.xcdatamodel; sourceTree = "<group>"; };
		180576582C29B73100F3315F /* AccountingModel+CoreDataClass.swift */ = {isa = PBXFileReference; lastKnownFileType = sourcecode.swift; path = "AccountingModel+CoreDataClass.swift"; sourceTree = "<group>"; };
		180576592C29B73100F3315F /* AccountingModel+CoreDataProperties.swift */ = {isa = PBXFileReference; lastKnownFileType = sourcecode.swift; path = "AccountingModel+CoreDataProperties.swift"; sourceTree = "<group>"; };
		1805765E2C29B7F800F3315F /* CoreDataManager.swift */ = {isa = PBXFileReference; lastKnownFileType = sourcecode.swift; path = CoreDataManager.swift; sourceTree = "<group>"; };
		182A3FCD2C1B283700330C16 /* FinApp.app */ = {isa = PBXFileReference; explicitFileType = wrapper.application; includeInIndex = 0; path = FinApp.app; sourceTree = BUILT_PRODUCTS_DIR; };
		182A3FD02C1B283700330C16 /* AppDelegate.swift */ = {isa = PBXFileReference; lastKnownFileType = sourcecode.swift; path = AppDelegate.swift; sourceTree = "<group>"; };
		182A3FD22C1B283700330C16 /* SceneDelegate.swift */ = {isa = PBXFileReference; lastKnownFileType = sourcecode.swift; path = SceneDelegate.swift; sourceTree = "<group>"; };
		182A3FD42C1B283700330C16 /* MainTabBarController.swift */ = {isa = PBXFileReference; lastKnownFileType = sourcecode.swift; path = MainTabBarController.swift; sourceTree = "<group>"; };
		182A3FD92C1B283A00330C16 /* Assets.xcassets */ = {isa = PBXFileReference; lastKnownFileType = folder.assetcatalog; path = Assets.xcassets; sourceTree = "<group>"; };
		182A3FDC2C1B283A00330C16 /* Base */ = {isa = PBXFileReference; lastKnownFileType = file.storyboard; name = Base; path = Base.lproj/LaunchScreen.storyboard; sourceTree = "<group>"; };
		182A3FDE2C1B283A00330C16 /* Info.plist */ = {isa = PBXFileReference; lastKnownFileType = text.plist.xml; path = Info.plist; sourceTree = "<group>"; };
		182A3FE62C1B2A3200330C16 /* MainTabBar.swift */ = {isa = PBXFileReference; lastKnownFileType = sourcecode.swift; path = MainTabBar.swift; sourceTree = "<group>"; };
		182A3FE82C1B316300330C16 /* HomeView.swift */ = {isa = PBXFileReference; lastKnownFileType = sourcecode.swift; path = HomeView.swift; sourceTree = "<group>"; };
		182A3FEA2C1B31BB00330C16 /* ExpenciesAddView.swift */ = {isa = PBXFileReference; lastKnownFileType = sourcecode.swift; path = ExpenciesAddView.swift; sourceTree = "<group>"; };
		182A3FEC2C1B31F400330C16 /* ProfileView.swift */ = {isa = PBXFileReference; lastKnownFileType = sourcecode.swift; path = ProfileView.swift; sourceTree = "<group>"; };
		18BF658D2C1F327000523E45 /* CustomHorizontalCVCell.swift */ = {isa = PBXFileReference; lastKnownFileType = sourcecode.swift; path = CustomHorizontalCVCell.swift; sourceTree = "<group>"; };
		18BF658F2C1F32A700523E45 /* CustomVerticalCVCell.swift */ = {isa = PBXFileReference; lastKnownFileType = sourcecode.swift; path = CustomVerticalCVCell.swift; sourceTree = "<group>"; };
		18BF65942C1F390900523E45 /* User.swift */ = {isa = PBXFileReference; lastKnownFileType = sourcecode.swift; path = User.swift; sourceTree = "<group>"; };
		18BF65982C1F431000523E45 /* Analytics.swift */ = {isa = PBXFileReference; lastKnownFileType = sourcecode.swift; path = Analytics.swift; sourceTree = "<group>"; };
/* End PBXFileReference section */

/* Begin PBXFrameworksBuildPhase section */
		182A3FCA2C1B283700330C16 /* Frameworks */ = {
			isa = PBXFrameworksBuildPhase;
			buildActionMask = 2147483647;
			files = (
			);
			runOnlyForDeploymentPostprocessing = 0;
		};
/* End PBXFrameworksBuildPhase section */

/* Begin PBXGroup section */
		180051E42C20704800FBCBB7 /* MVC */ = {
			isa = PBXGroup;
			children = (
				1802B7772C2DA18F0034A24B /* AccountingDetails */,
				180051E82C20708A00FBCBB7 /* Settings */,
				180051E72C20707F00FBCBB7 /* Profile */,
				180051E62C20706A00FBCBB7 /* Expends */,
				180051E52C20706000FBCBB7 /* Home */,
			);
			path = MVC;
			sourceTree = "<group>";
		};
		180051E52C20706000FBCBB7 /* Home */ = {
			isa = PBXGroup;
			children = (
				182A3FE82C1B316300330C16 /* HomeView.swift */,
			);
			path = Home;
			sourceTree = "<group>";
		};
		180051E62C20706A00FBCBB7 /* Expends */ = {
			isa = PBXGroup;
			children = (
				182A3FEA2C1B31BB00330C16 /* ExpenciesAddView.swift */,
				1805764D2C24709B00F3315F /* ExpandsTabBarController.swift */,
				1805764F2C24710B00F3315F /* ExpensesView.swift */,
				180576512C24716A00F3315F /* IncomesView.swift */,
				180576532C2478AF00F3315F /* AddCell.swift */,
			);
			path = Expends;
			sourceTree = "<group>";
		};
		180051E72C20707F00FBCBB7 /* Profile */ = {
			isa = PBXGroup;
			children = (
				182A3FEC2C1B31F400330C16 /* ProfileView.swift */,
			);
			path = Profile;
			sourceTree = "<group>";
		};
		180051E82C20708A00FBCBB7 /* Settings */ = {
			isa = PBXGroup;
			children = (
				180051E92C2070B500FBCBB7 /* SettingsView.swift */,
				180051EB2C20760800FBCBB7 /* SettingsController.swift */,
				180051ED2C20761300FBCBB7 /* SettingsModel.swift */,
				180051EF2C21B1FF00FBCBB7 /* SettingsCell.swift */,
			);
			path = Settings;
			sourceTree = "<group>";
		};
		180051F12C21B59800FBCBB7 /* OnBoarding */ = {
			isa = PBXGroup;
			children = (
				180051F22C21B5D100FBCBB7 /* OnBoarding.swift */,
				180051F42C21B86400FBCBB7 /* OnBoardingCell.swift */,
			);
			path = OnBoarding;
			sourceTree = "<group>";
		};
		1802B7772C2DA18F0034A24B /* AccountingDetails */ = {
			isa = PBXGroup;
			children = (
				1802B7782C2DA1EE0034A24B /* AccountingDetailView.swift */,
				1802B77A2C2DA5420034A24B /* AccountingImageCell.swift */,
			);
			path = AccountingDetails;
			sourceTree = "<group>";
		};
		1805765C2C29B7AE00F3315F /* Managers */ = {
			isa = PBXGroup;
			children = (
				1805765D2C29B7D400F3315F /* CoreData */,
			);
			path = Managers;
			sourceTree = "<group>";
		};
		1805765D2C29B7D400F3315F /* CoreData */ = {
			isa = PBXGroup;
			children = (
				1805765E2C29B7F800F3315F /* CoreDataManager.swift */,
			);
			path = CoreData;
			sourceTree = "<group>";
		};
		182A3FC42C1B283700330C16 = {
			isa = PBXGroup;
			children = (
				180576582C29B73100F3315F /* AccountingModel+CoreDataClass.swift */,
				180576592C29B73100F3315F /* AccountingModel+CoreDataProperties.swift */,
				180576552C29B3E800F3315F /* AccountingModel.xcdatamodeld */,
				182A3FCF2C1B283700330C16 /* FinApp */,
				182A3FCE2C1B283700330C16 /* Products */,
			);
			sourceTree = "<group>";
		};
		182A3FCE2C1B283700330C16 /* Products */ = {
			isa = PBXGroup;
			children = (
				182A3FCD2C1B283700330C16 /* FinApp.app */,
			);
			name = Products;
			sourceTree = "<group>";
		};
		182A3FCF2C1B283700330C16 /* FinApp */ = {
			isa = PBXGroup;
			children = (
				1805765C2C29B7AE00F3315F /* Managers */,
				180051F12C21B59800FBCBB7 /* OnBoarding */,
				180051E42C20704800FBCBB7 /* MVC */,
				18BF65912C1F364100523E45 /* Cell */,
				182A3FE52C1B293800330C16 /* AppDelegate */,
				18BF65972C1F430100523E45 /* Structs */,
				182A3FD42C1B283700330C16 /* MainTabBarController.swift */,
				182A3FE62C1B2A3200330C16 /* MainTabBar.swift */,
				182A3FE42C1B293100330C16 /* Recources */,
				182A3FDE2C1B283A00330C16 /* Info.plist */,
			);
			path = FinApp;
			sourceTree = "<group>";
		};
		182A3FE42C1B293100330C16 /* Recources */ = {
			isa = PBXGroup;
			children = (
				182A3FD92C1B283A00330C16 /* Assets.xcassets */,
				182A3FDB2C1B283A00330C16 /* LaunchScreen.storyboard */,
			);
			path = Recources;
			sourceTree = "<group>";
		};
		182A3FE52C1B293800330C16 /* AppDelegate */ = {
			isa = PBXGroup;
			children = (
				182A3FD02C1B283700330C16 /* AppDelegate.swift */,
				182A3FD22C1B283700330C16 /* SceneDelegate.swift */,
			);
			path = AppDelegate;
			sourceTree = "<group>";
		};
		18BF65912C1F364100523E45 /* Cell */ = {
			isa = PBXGroup;
			children = (
				18BF658D2C1F327000523E45 /* CustomHorizontalCVCell.swift */,
				18BF658F2C1F32A700523E45 /* CustomVerticalCVCell.swift */,
			);
			path = Cell;
			sourceTree = "<group>";
		};
		18BF65972C1F430100523E45 /* Structs */ = {
			isa = PBXGroup;
			children = (
				18BF65942C1F390900523E45 /* User.swift */,
				18BF65982C1F431000523E45 /* Analytics.swift */,
				180051F82C21BFFA00FBCBB7 /* OnBoard.swift */,
			);
			path = Structs;
			sourceTree = "<group>";
		};
/* End PBXGroup section */

/* Begin PBXNativeTarget section */
		182A3FCC2C1B283700330C16 /* FinApp */ = {
			isa = PBXNativeTarget;
			buildConfigurationList = 182A3FE12C1B283A00330C16 /* Build configuration list for PBXNativeTarget "FinApp" */;
			buildPhases = (
				182A3FC92C1B283700330C16 /* Sources */,
				182A3FCA2C1B283700330C16 /* Frameworks */,
				182A3FCB2C1B283700330C16 /* Resources */,
			);
			buildRules = (
			);
			dependencies = (
			);
			name = FinApp;
			productName = FinApp;
			productReference = 182A3FCD2C1B283700330C16 /* FinApp.app */;
			productType = "com.apple.product-type.application";
		};
/* End PBXNativeTarget section */

/* Begin PBXProject section */
		182A3FC52C1B283700330C16 /* Project object */ = {
			isa = PBXProject;
			attributes = {
				BuildIndependentTargetsInParallel = 1;
				LastSwiftUpdateCheck = 1540;
				LastUpgradeCheck = 1540;
				TargetAttributes = {
					182A3FCC2C1B283700330C16 = {
						CreatedOnToolsVersion = 15.4;
					};
				};
			};
			buildConfigurationList = 182A3FC82C1B283700330C16 /* Build configuration list for PBXProject "FinApp" */;
			compatibilityVersion = "Xcode 14.0";
			developmentRegion = en;
			hasScannedForEncodings = 0;
			knownRegions = (
				en,
				Base,
			);
			mainGroup = 182A3FC42C1B283700330C16;
			productRefGroup = 182A3FCE2C1B283700330C16 /* Products */;
			projectDirPath = "";
			projectRoot = "";
			targets = (
				182A3FCC2C1B283700330C16 /* FinApp */,
			);
		};
/* End PBXProject section */

/* Begin PBXResourcesBuildPhase section */
		182A3FCB2C1B283700330C16 /* Resources */ = {
			isa = PBXResourcesBuildPhase;
			buildActionMask = 2147483647;
			files = (
				182A3FDA2C1B283A00330C16 /* Assets.xcassets in Resources */,
				182A3FDD2C1B283A00330C16 /* Base in Resources */,
			);
			runOnlyForDeploymentPostprocessing = 0;
		};
/* End PBXResourcesBuildPhase section */

/* Begin PBXSourcesBuildPhase section */
		182A3FC92C1B283700330C16 /* Sources */ = {
			isa = PBXSourcesBuildPhase;
			buildActionMask = 2147483647;
			files = (
				180576572C29B3E800F3315F /* AccountingModel.xcdatamodeld in Sources */,
				182A3FE72C1B2A3200330C16 /* MainTabBar.swift in Sources */,
				180051EC2C20760800FBCBB7 /* SettingsController.swift in Sources */,
				18BF65902C1F32A700523E45 /* CustomVerticalCVCell.swift in Sources */,
				1802B7792C2DA1EE0034A24B /* AccountingDetailView.swift in Sources */,
				180576502C24710B00F3315F /* ExpensesView.swift in Sources */,
				182A3FEB2C1B31BB00330C16 /* ExpenciesAddView.swift in Sources */,
				182A3FD52C1B283700330C16 /* MainTabBarController.swift in Sources */,
				18BF65992C1F431000523E45 /* Analytics.swift in Sources */,
				1805765A2C29B73100F3315F /* AccountingModel+CoreDataClass.swift in Sources */,
				1802B77B2C2DA5420034A24B /* AccountingImageCell.swift in Sources */,
				1805765B2C29B73100F3315F /* AccountingModel+CoreDataProperties.swift in Sources */,
				182A3FD12C1B283700330C16 /* AppDelegate.swift in Sources */,
				180576522C24716A00F3315F /* IncomesView.swift in Sources */,
				180576542C2478AF00F3315F /* AddCell.swift in Sources */,
				180051F92C21BFFA00FBCBB7 /* OnBoard.swift in Sources */,
				1805764E2C24709B00F3315F /* ExpandsTabBarController.swift in Sources */,
				182A3FE92C1B316300330C16 /* HomeView.swift in Sources */,
				18BF658E2C1F327000523E45 /* CustomHorizontalCVCell.swift in Sources */,
				182A3FED2C1B31F400330C16 /* ProfileView.swift in Sources */,
				180051F52C21B86400FBCBB7 /* OnBoardingCell.swift in Sources */,
				180051EA2C2070B500FBCBB7 /* SettingsView.swift in Sources */,
				1805765F2C29B7F800F3315F /* CoreDataManager.swift in Sources */,
				18BF65952C1F390900523E45 /* User.swift in Sources */,
				180051EE2C20761300FBCBB7 /* SettingsModel.swift in Sources */,
				182A3FD32C1B283700330C16 /* SceneDelegate.swift in Sources */,
				180051F32C21B5D100FBCBB7 /* OnBoarding.swift in Sources */,
				180051F02C21B1FF00FBCBB7 /* SettingsCell.swift in Sources */,
			);
			runOnlyForDeploymentPostprocessing = 0;
		};
/* End PBXSourcesBuildPhase section */

/* Begin PBXVariantGroup section */
		182A3FDB2C1B283A00330C16 /* LaunchScreen.storyboard */ = {
			isa = PBXVariantGroup;
			children = (
				182A3FDC2C1B283A00330C16 /* Base */,
			);
			name = LaunchScreen.storyboard;
			sourceTree = "<group>";
		};
/* End PBXVariantGroup section */

/* Begin XCBuildConfiguration section */
		182A3FDF2C1B283A00330C16 /* Debug */ = {
			isa = XCBuildConfiguration;
			buildSettings = {
				ALWAYS_SEARCH_USER_PATHS = NO;
				ASSETCATALOG_COMPILER_GENERATE_SWIFT_ASSET_SYMBOL_EXTENSIONS = YES;
				CLANG_ANALYZER_NONNULL = YES;
				CLANG_ANALYZER_NUMBER_OBJECT_CONVERSION = YES_AGGRESSIVE;
				CLANG_CXX_LANGUAGE_STANDARD = "gnu++20";
				CLANG_ENABLE_MODULES = YES;
				CLANG_ENABLE_OBJC_ARC = YES;
				CLANG_ENABLE_OBJC_WEAK = YES;
				CLANG_WARN_BLOCK_CAPTURE_AUTORELEASING = YES;
				CLANG_WARN_BOOL_CONVERSION = YES;
				CLANG_WARN_COMMA = YES;
				CLANG_WARN_CONSTANT_CONVERSION = YES;
				CLANG_WARN_DEPRECATED_OBJC_IMPLEMENTATIONS = YES;
				CLANG_WARN_DIRECT_OBJC_ISA_USAGE = YES_ERROR;
				CLANG_WARN_DOCUMENTATION_COMMENTS = YES;
				CLANG_WARN_EMPTY_BODY = YES;
				CLANG_WARN_ENUM_CONVERSION = YES;
				CLANG_WARN_INFINITE_RECURSION = YES;
				CLANG_WARN_INT_CONVERSION = YES;
				CLANG_WARN_NON_LITERAL_NULL_CONVERSION = YES;
				CLANG_WARN_OBJC_IMPLICIT_RETAIN_SELF = YES;
				CLANG_WARN_OBJC_LITERAL_CONVERSION = YES;
				CLANG_WARN_OBJC_ROOT_CLASS = YES_ERROR;
				CLANG_WARN_QUOTED_INCLUDE_IN_FRAMEWORK_HEADER = YES;
				CLANG_WARN_RANGE_LOOP_ANALYSIS = YES;
				CLANG_WARN_STRICT_PROTOTYPES = YES;
				CLANG_WARN_SUSPICIOUS_MOVE = YES;
				CLANG_WARN_UNGUARDED_AVAILABILITY = YES_AGGRESSIVE;
				CLANG_WARN_UNREACHABLE_CODE = YES;
				CLANG_WARN__DUPLICATE_METHOD_MATCH = YES;
				COPY_PHASE_STRIP = NO;
				DEBUG_INFORMATION_FORMAT = dwarf;
				ENABLE_STRICT_OBJC_MSGSEND = YES;
				ENABLE_TESTABILITY = YES;
				ENABLE_USER_SCRIPT_SANDBOXING = YES;
				GCC_C_LANGUAGE_STANDARD = gnu17;
				GCC_DYNAMIC_NO_PIC = NO;
				GCC_NO_COMMON_BLOCKS = YES;
				GCC_OPTIMIZATION_LEVEL = 0;
				GCC_PREPROCESSOR_DEFINITIONS = (
					"DEBUG=1",
					"$(inherited)",
				);
				GCC_WARN_64_TO_32_BIT_CONVERSION = YES;
				GCC_WARN_ABOUT_RETURN_TYPE = YES_ERROR;
				GCC_WARN_UNDECLARED_SELECTOR = YES;
				GCC_WARN_UNINITIALIZED_AUTOS = YES_AGGRESSIVE;
				GCC_WARN_UNUSED_FUNCTION = YES;
				GCC_WARN_UNUSED_VARIABLE = YES;
				IPHONEOS_DEPLOYMENT_TARGET = 17.5;
				LOCALIZATION_PREFERS_STRING_CATALOGS = YES;
				MTL_ENABLE_DEBUG_INFO = INCLUDE_SOURCE;
				MTL_FAST_MATH = YES;
				ONLY_ACTIVE_ARCH = YES;
				SDKROOT = iphoneos;
				SWIFT_ACTIVE_COMPILATION_CONDITIONS = "DEBUG $(inherited)";
				SWIFT_OPTIMIZATION_LEVEL = "-Onone";
			};
			name = Debug;
		};
		182A3FE02C1B283A00330C16 /* Release */ = {
			isa = XCBuildConfiguration;
			buildSettings = {
				ALWAYS_SEARCH_USER_PATHS = NO;
				ASSETCATALOG_COMPILER_GENERATE_SWIFT_ASSET_SYMBOL_EXTENSIONS = YES;
				CLANG_ANALYZER_NONNULL = YES;
				CLANG_ANALYZER_NUMBER_OBJECT_CONVERSION = YES_AGGRESSIVE;
				CLANG_CXX_LANGUAGE_STANDARD = "gnu++20";
				CLANG_ENABLE_MODULES = YES;
				CLANG_ENABLE_OBJC_ARC = YES;
				CLANG_ENABLE_OBJC_WEAK = YES;
				CLANG_WARN_BLOCK_CAPTURE_AUTORELEASING = YES;
				CLANG_WARN_BOOL_CONVERSION = YES;
				CLANG_WARN_COMMA = YES;
				CLANG_WARN_CONSTANT_CONVERSION = YES;
				CLANG_WARN_DEPRECATED_OBJC_IMPLEMENTATIONS = YES;
				CLANG_WARN_DIRECT_OBJC_ISA_USAGE = YES_ERROR;
				CLANG_WARN_DOCUMENTATION_COMMENTS = YES;
				CLANG_WARN_EMPTY_BODY = YES;
				CLANG_WARN_ENUM_CONVERSION = YES;
				CLANG_WARN_INFINITE_RECURSION = YES;
				CLANG_WARN_INT_CONVERSION = YES;
				CLANG_WARN_NON_LITERAL_NULL_CONVERSION = YES;
				CLANG_WARN_OBJC_IMPLICIT_RETAIN_SELF = YES;
				CLANG_WARN_OBJC_LITERAL_CONVERSION = YES;
				CLANG_WARN_OBJC_ROOT_CLASS = YES_ERROR;
				CLANG_WARN_QUOTED_INCLUDE_IN_FRAMEWORK_HEADER = YES;
				CLANG_WARN_RANGE_LOOP_ANALYSIS = YES;
				CLANG_WARN_STRICT_PROTOTYPES = YES;
				CLANG_WARN_SUSPICIOUS_MOVE = YES;
				CLANG_WARN_UNGUARDED_AVAILABILITY = YES_AGGRESSIVE;
				CLANG_WARN_UNREACHABLE_CODE = YES;
				CLANG_WARN__DUPLICATE_METHOD_MATCH = YES;
				COPY_PHASE_STRIP = NO;
				DEBUG_INFORMATION_FORMAT = "dwarf-with-dsym";
				ENABLE_NS_ASSERTIONS = NO;
				ENABLE_STRICT_OBJC_MSGSEND = YES;
				ENABLE_USER_SCRIPT_SANDBOXING = YES;
				GCC_C_LANGUAGE_STANDARD = gnu17;
				GCC_NO_COMMON_BLOCKS = YES;
				GCC_WARN_64_TO_32_BIT_CONVERSION = YES;
				GCC_WARN_ABOUT_RETURN_TYPE = YES_ERROR;
				GCC_WARN_UNDECLARED_SELECTOR = YES;
				GCC_WARN_UNINITIALIZED_AUTOS = YES_AGGRESSIVE;
				GCC_WARN_UNUSED_FUNCTION = YES;
				GCC_WARN_UNUSED_VARIABLE = YES;
				IPHONEOS_DEPLOYMENT_TARGET = 17.5;
				LOCALIZATION_PREFERS_STRING_CATALOGS = YES;
				MTL_ENABLE_DEBUG_INFO = NO;
				MTL_FAST_MATH = YES;
				SDKROOT = iphoneos;
				SWIFT_COMPILATION_MODE = wholemodule;
				VALIDATE_PRODUCT = YES;
			};
			name = Release;
		};
		182A3FE22C1B283A00330C16 /* Debug */ = {
			isa = XCBuildConfiguration;
			buildSettings = {
				ASSETCATALOG_COMPILER_APPICON_NAME = AppIcon;
				ASSETCATALOG_COMPILER_GLOBAL_ACCENT_COLOR_NAME = AccentColor;
				CODE_SIGN_STYLE = Automatic;
				CURRENT_PROJECT_VERSION = 1;
				GENERATE_INFOPLIST_FILE = YES;
				INFOPLIST_FILE = FinApp/Info.plist;
				INFOPLIST_KEY_UIApplicationSupportsIndirectInputEvents = YES;
				INFOPLIST_KEY_UILaunchStoryboardName = LaunchScreen;
				INFOPLIST_KEY_UISupportedInterfaceOrientations_iPad = "UIInterfaceOrientationPortrait UIInterfaceOrientationPortraitUpsideDown UIInterfaceOrientationLandscapeLeft UIInterfaceOrientationLandscapeRight";
				INFOPLIST_KEY_UISupportedInterfaceOrientations_iPhone = "UIInterfaceOrientationPortrait UIInterfaceOrientationLandscapeLeft UIInterfaceOrientationLandscapeRight";
				IPHONEOS_DEPLOYMENT_TARGET = 15.0;
				LD_RUNPATH_SEARCH_PATHS = (
					"$(inherited)",
					"@executable_path/Frameworks",
				);
				MARKETING_VERSION = 1.0;
				PRODUCT_BUNDLE_IDENTIFIER = kg.auca.FinApp;
				PRODUCT_NAME = "$(TARGET_NAME)";
				SWIFT_EMIT_LOC_STRINGS = YES;
				SWIFT_VERSION = 5.0;
				TARGETED_DEVICE_FAMILY = "1,2";
			};
			name = Debug;
		};
		182A3FE32C1B283A00330C16 /* Release */ = {
			isa = XCBuildConfiguration;
			buildSettings = {
				ASSETCATALOG_COMPILER_APPICON_NAME = AppIcon;
				ASSETCATALOG_COMPILER_GLOBAL_ACCENT_COLOR_NAME = AccentColor;
				CODE_SIGN_STYLE = Automatic;
				CURRENT_PROJECT_VERSION = 1;
				GENERATE_INFOPLIST_FILE = YES;
				INFOPLIST_FILE = FinApp/Info.plist;
				INFOPLIST_KEY_UIApplicationSupportsIndirectInputEvents = YES;
				INFOPLIST_KEY_UILaunchStoryboardName = LaunchScreen;
				INFOPLIST_KEY_UISupportedInterfaceOrientations_iPad = "UIInterfaceOrientationPortrait UIInterfaceOrientationPortraitUpsideDown UIInterfaceOrientationLandscapeLeft UIInterfaceOrientationLandscapeRight";
				INFOPLIST_KEY_UISupportedInterfaceOrientations_iPhone = "UIInterfaceOrientationPortrait UIInterfaceOrientationLandscapeLeft UIInterfaceOrientationLandscapeRight";
				IPHONEOS_DEPLOYMENT_TARGET = 15.0;
				LD_RUNPATH_SEARCH_PATHS = (
					"$(inherited)",
					"@executable_path/Frameworks",
				);
				MARKETING_VERSION = 1.0;
				PRODUCT_BUNDLE_IDENTIFIER = kg.auca.FinApp;
				PRODUCT_NAME = "$(TARGET_NAME)";
				SWIFT_EMIT_LOC_STRINGS = YES;
				SWIFT_VERSION = 5.0;
				TARGETED_DEVICE_FAMILY = "1,2";
			};
			name = Release;
		};
/* End XCBuildConfiguration section */

/* Begin XCConfigurationList section */
		182A3FC82C1B283700330C16 /* Build configuration list for PBXProject "FinApp" */ = {
			isa = XCConfigurationList;
			buildConfigurations = (
				182A3FDF2C1B283A00330C16 /* Debug */,
				182A3FE02C1B283A00330C16 /* Release */,
			);
			defaultConfigurationIsVisible = 0;
			defaultConfigurationName = Release;
		};
		182A3FE12C1B283A00330C16 /* Build configuration list for PBXNativeTarget "FinApp" */ = {
			isa = XCConfigurationList;
			buildConfigurations = (
				182A3FE22C1B283A00330C16 /* Debug */,
				182A3FE32C1B283A00330C16 /* Release */,
			);
			defaultConfigurationIsVisible = 0;
			defaultConfigurationName = Release;
		};
/* End XCConfigurationList section */

/* Begin XCVersionGroup section */
		180576552C29B3E800F3315F /* AccountingModel.xcdatamodeld */ = {
			isa = XCVersionGroup;
			children = (
				180576562C29B3E800F3315F /* AccountingModel.xcdatamodel */,
			);
			currentVersion = 180576562C29B3E800F3315F /* AccountingModel.xcdatamodel */;
			name = AccountingModel.xcdatamodeld;
			path = /Users/d1onnisss/Desktop/iOS/homeworks/FinApp/AccountingModel.xcdatamodeld;
			sourceTree = "<group>";
			versionGroupType = wrapper.xcdatamodel;
		};
/* End XCVersionGroup section */
	};
	rootObject = 182A3FC52C1B283700330C16 /* Project object */;
}
